
Microsoft Visual Studio Solution File, Format Version 12.00
# Visual Studio Version 16
VisualStudioVersion = 16.0.31702.278
MinimumVisualStudioVersion = 10.0.40219.1
Project("{FAE04EC0-301F-11D3-BF4B-00C04F79EFBC}") = "Practice", "Practice\Practice.csproj", "{9B640FFF-32AC-487A-9C0C-9523F12BE126}"
EndProject
Global
	GlobalSection(SolutionConfigurationPlatforms) = preSolution
		Debug|Any CPU = Debug|Any CPU
		Release|Any CPU = Release|Any CPU
	EndGlobalSection
	GlobalSection(ProjectConfigurationPlatforms) = postSolution
		{9B640FFF-32AC-487A-9C0C-9523F12BE126}.Debug|Any CPU.ActiveCfg = Debug|Any CPU
		{9B640FFF-32AC-487A-9C0C-9523F12BE126}.Debug|Any CPU.Build.0 = Debug|Any CPU
		{9B640FFF-32AC-487A-9C0C-9523F12BE126}.Release|Any CPU.ActiveCfg = Release|Any CPU
		{9B640FFF-32AC-487A-9C0C-9523F12BE126}.Release|Any CPU.Build.0 = Release|Any CPU
	EndGlobalSection
	GlobalSection(SolutionProperties) = preSolution
		HideSolutionNode = FALSE
	EndGlobalSection
	GlobalSection(ExtensibilityGlobals) = postSolution
		SolutionGuid = {8A54F9C4-0053-4D09-A57F-2966E09E0408}
	EndGlobalSection
EndGlobal
